{
  "name": "question_02",
  "version": "1.0.0",
  "lockfileVersion": 3,
  "requires": true,
  "packages": {
    "": {
      "name": "question_02",
      "version": "1.0.0",
      "license": "ISC",
      "dependencies": {
        "undici-types": "^5.26.5"
      },
      "devDependencies": {}
    },
    "node_modules/undici-types": {
      "version": "5.26.5",
      "license": "MIT"
    }
  }
}
